
Microsoft Visual Studio Solution File, Format Version 12.00
# Visual Studio Version 16
VisualStudioVersion = 16.0.30028.174
MinimumVisualStudioVersion = 10.0.40219.1
Project("{FAE04EC0-301F-11D3-BF4B-00C04F79EFBC}") = "MovieDB.Server", "MovieDB.Server\MovieDB.Server.csproj", "{FF3104AF-CEF2-4AB6-A9AA-006FB1C97C9F}"
EndProject
Project("{FAE04EC0-301F-11D3-BF4B-00C04F79EFBC}") = "MovieDB.Client", "MovieDB.Client\MovieDB.Client.csproj", "{59A9238E-FFED-43DC-8A1B-AFD259BD51EC}"
EndProject
Project("{FAE04EC0-301F-11D3-BF4B-00C04F79EFBC}") = "MovieDB.Shared", "MovieDB.Shared\MovieDB.Shared.csproj", "{9553A378-BA82-4166-B810-83CBC763E235}"
EndProject
Project("{9A19103F-16F7-4668-BE54-9A1E7A4F7556}") = "MovieDB.Tests", "MovieDB.Tests\MovieDB.Tests.csproj", "{923951A2-F681-49D9-93F9-2D89612AE9DB}"
EndProject
Project("{9A19103F-16F7-4668-BE54-9A1E7A4F7556}") = "Microsoft.AspNetCore.Components.Testing", "Microsoft.AspNetCore.Components.Testing\Microsoft.AspNetCore.Components.Testing.csproj", "{AB66774E-EFB7-4443-AE2C-CBA689040600}"
EndProject
Global
	GlobalSection(SolutionConfigurationPlatforms) = preSolution
		Debug|Any CPU = Debug|Any CPU
		Release|Any CPU = Release|Any CPU
	EndGlobalSection
	GlobalSection(ProjectConfigurationPlatforms) = postSolution
		{FF3104AF-CEF2-4AB6-A9AA-006FB1C97C9F}.Debug|Any CPU.ActiveCfg = Debug|Any CPU
		{FF3104AF-CEF2-4AB6-A9AA-006FB1C97C9F}.Debug|Any CPU.Build.0 = Debug|Any CPU
		{FF3104AF-CEF2-4AB6-A9AA-006FB1C97C9F}.Release|Any CPU.ActiveCfg = Release|Any CPU
		{FF3104AF-CEF2-4AB6-A9AA-006FB1C97C9F}.Release|Any CPU.Build.0 = Release|Any CPU
		{59A9238E-FFED-43DC-8A1B-AFD259BD51EC}.Debug|Any CPU.ActiveCfg = Debug|Any CPU
		{59A9238E-FFED-43DC-8A1B-AFD259BD51EC}.Debug|Any CPU.Build.0 = Debug|Any CPU
		{59A9238E-FFED-43DC-8A1B-AFD259BD51EC}.Release|Any CPU.ActiveCfg = Release|Any CPU
		{59A9238E-FFED-43DC-8A1B-AFD259BD51EC}.Release|Any CPU.Build.0 = Release|Any CPU
		{9553A378-BA82-4166-B810-83CBC763E235}.Debug|Any CPU.ActiveCfg = Debug|Any CPU
		{9553A378-BA82-4166-B810-83CBC763E235}.Debug|Any CPU.Build.0 = Debug|Any CPU
		{9553A378-BA82-4166-B810-83CBC763E235}.Release|Any CPU.ActiveCfg = Release|Any CPU
		{9553A378-BA82-4166-B810-83CBC763E235}.Release|Any CPU.Build.0 = Release|Any CPU
		{923951A2-F681-49D9-93F9-2D89612AE9DB}.Debug|Any CPU.ActiveCfg = Debug|Any CPU
		{923951A2-F681-49D9-93F9-2D89612AE9DB}.Debug|Any CPU.Build.0 = Debug|Any CPU
		{923951A2-F681-49D9-93F9-2D89612AE9DB}.Release|Any CPU.ActiveCfg = Release|Any CPU
		{923951A2-F681-49D9-93F9-2D89612AE9DB}.Release|Any CPU.Build.0 = Release|Any CPU
		{AB66774E-EFB7-4443-AE2C-CBA689040600}.Debug|Any CPU.ActiveCfg = Debug|Any CPU
		{AB66774E-EFB7-4443-AE2C-CBA689040600}.Debug|Any CPU.Build.0 = Debug|Any CPU
		{AB66774E-EFB7-4443-AE2C-CBA689040600}.Release|Any CPU.ActiveCfg = Release|Any CPU
		{AB66774E-EFB7-4443-AE2C-CBA689040600}.Release|Any CPU.Build.0 = Release|Any CPU
	EndGlobalSection
	GlobalSection(SolutionProperties) = preSolution
		HideSolutionNode = FALSE
	EndGlobalSection
	GlobalSection(ExtensibilityGlobals) = postSolution
		SolutionGuid = {968651FE-CECD-4044-B1F8-CD20A32A5335}
	EndGlobalSection
EndGlobal
