
Microsoft Visual Studio Solution File, Format Version 12.00
# Visual Studio Version 16
VisualStudioVersion = 16.0.28606.126
MinimumVisualStudioVersion = 10.0.40219.1
Project("{9A19103F-16F7-4668-BE54-9A1E7A4F7556}") = "BlazorDemo", "BlazorDemo\BlazorDemo.csproj", "{D09E5114-713D-4E86-9E92-B93FDA3A91DB}"
EndProject
Global
	GlobalSection(SolutionConfigurationPlatforms) = preSolution
		Debug|Any CPU = Debug|Any CPU
		Release|Any CPU = Release|Any CPU
	EndGlobalSection
	GlobalSection(ProjectConfigurationPlatforms) = postSolution
		{D09E5114-713D-4E86-9E92-B93FDA3A91DB}.Debug|Any CPU.ActiveCfg = Debug|Any CPU
		{D09E5114-713D-4E86-9E92-B93FDA3A91DB}.Debug|Any CPU.Build.0 = Debug|Any CPU
		{D09E5114-713D-4E86-9E92-B93FDA3A91DB}.Release|Any CPU.ActiveCfg = Release|Any CPU
		{D09E5114-713D-4E86-9E92-B93FDA3A91DB}.Release|Any CPU.Build.0 = Release|Any CPU
	EndGlobalSection
	GlobalSection(SolutionProperties) = preSolution
		HideSolutionNode = FALSE
	EndGlobalSection
	GlobalSection(ExtensibilityGlobals) = postSolution
		SolutionGuid = {B4D53A87-23C0-4C1E-A0B3-F5A23C5157D7}
	EndGlobalSection
EndGlobal
