
Microsoft Visual Studio Solution File, Format Version 12.00
# Visual Studio Version 16
VisualStudioVersion = 16.0.30028.174
MinimumVisualStudioVersion = 10.0.40219.1
Project("{FAE04EC0-301F-11D3-BF4B-00C04F79EFBC}") = "BlazorDemo", "BlazorDemo\BlazorDemo.csproj", "{90A602D0-DF94-4F7D-834D-8B0F04A1D20D}"
EndProject
Global
	GlobalSection(SolutionConfigurationPlatforms) = preSolution
		Debug|Any CPU = Debug|Any CPU
		Release|Any CPU = Release|Any CPU
	EndGlobalSection
	GlobalSection(ProjectConfigurationPlatforms) = postSolution
		{90A602D0-DF94-4F7D-834D-8B0F04A1D20D}.Debug|Any CPU.ActiveCfg = Debug|Any CPU
		{90A602D0-DF94-4F7D-834D-8B0F04A1D20D}.Debug|Any CPU.Build.0 = Debug|Any CPU
		{90A602D0-DF94-4F7D-834D-8B0F04A1D20D}.Release|Any CPU.ActiveCfg = Release|Any CPU
		{90A602D0-DF94-4F7D-834D-8B0F04A1D20D}.Release|Any CPU.Build.0 = Release|Any CPU
	EndGlobalSection
	GlobalSection(SolutionProperties) = preSolution
		HideSolutionNode = FALSE
	EndGlobalSection
	GlobalSection(ExtensibilityGlobals) = postSolution
		SolutionGuid = {6F1A1DB0-2270-4FFD-846E-CAF030123843}
	EndGlobalSection
EndGlobal
