
Microsoft Visual Studio Solution File, Format Version 12.00
# Visual Studio Version 16
VisualStudioVersion = 16.0.30028.174
MinimumVisualStudioVersion = 10.0.40219.1
Project("{FAE04EC0-301F-11D3-BF4B-00C04F79EFBC}") = "ServerSide", "ServerSide\ServerSide.csproj", "{027D5DBC-5CAD-4147-A47E-1F1726251C39}"
EndProject
Global
	GlobalSection(SolutionConfigurationPlatforms) = preSolution
		Debug|Any CPU = Debug|Any CPU
		Release|Any CPU = Release|Any CPU
	EndGlobalSection
	GlobalSection(ProjectConfigurationPlatforms) = postSolution
		{027D5DBC-5CAD-4147-A47E-1F1726251C39}.Debug|Any CPU.ActiveCfg = Debug|Any CPU
		{027D5DBC-5CAD-4147-A47E-1F1726251C39}.Debug|Any CPU.Build.0 = Debug|Any CPU
		{027D5DBC-5CAD-4147-A47E-1F1726251C39}.Release|Any CPU.ActiveCfg = Release|Any CPU
		{027D5DBC-5CAD-4147-A47E-1F1726251C39}.Release|Any CPU.Build.0 = Release|Any CPU
	EndGlobalSection
	GlobalSection(SolutionProperties) = preSolution
		HideSolutionNode = FALSE
	EndGlobalSection
	GlobalSection(ExtensibilityGlobals) = postSolution
		SolutionGuid = {E7BDB588-4064-43E7-9FDE-9D57A177D23C}
	EndGlobalSection
EndGlobal
