
Microsoft Visual Studio Solution File, Format Version 12.00
# Visual Studio Version 16
VisualStudioVersion = 16.0.28902.138
MinimumVisualStudioVersion = 10.0.40219.1
Project("{FAE04EC0-301F-11D3-BF4B-00C04F79EFBC}") = "ServerSide", "ServerSide\ServerSide.csproj", "{019653EA-E604-4E9B-BA1F-B3CA51F54C0B}"
EndProject
Global
	GlobalSection(SolutionConfigurationPlatforms) = preSolution
		Debug|Any CPU = Debug|Any CPU
		Release|Any CPU = Release|Any CPU
	EndGlobalSection
	GlobalSection(ProjectConfigurationPlatforms) = postSolution
		{019653EA-E604-4E9B-BA1F-B3CA51F54C0B}.Debug|Any CPU.ActiveCfg = Debug|Any CPU
		{019653EA-E604-4E9B-BA1F-B3CA51F54C0B}.Debug|Any CPU.Build.0 = Debug|Any CPU
		{019653EA-E604-4E9B-BA1F-B3CA51F54C0B}.Release|Any CPU.ActiveCfg = Release|Any CPU
		{019653EA-E604-4E9B-BA1F-B3CA51F54C0B}.Release|Any CPU.Build.0 = Release|Any CPU
	EndGlobalSection
	GlobalSection(SolutionProperties) = preSolution
		HideSolutionNode = FALSE
	EndGlobalSection
	GlobalSection(ExtensibilityGlobals) = postSolution
		SolutionGuid = {A88E23A1-2368-4326-9ADC-2C642FD8E1BE}
	EndGlobalSection
EndGlobal
